# Generated by pub
# See http://pub.dartlang.org/doc/glossary.html#lockfile
packages:
  browser:
    description: browser
    source: hosted
    version: "0.10.0+2"
  path:
    description: path
    source: hosted
    version: "1.3.6"
  stack_trace:
    description: stack_trace
    source: hosted
    version: "1.4.2"
  stagexl:
    description: stagexl
    source: hosted
    version: "0.12.0+1"
  unittest:
    description: unittest
    source: hosted
    version: "0.11.6+1"
